
Microsoft Visual Studio Solution File, Format Version 12.00
# Visual Studio Version 16
VisualStudioVersion = 16.0.29911.84
MinimumVisualStudioVersion = 10.0.40219.1
Project("{9A19103F-16F7-4668-BE54-9A1E7A4F7556}") = "Soccer.Common", "Soccer.Common\Soccer.Common.csproj", "{EBA717F4-3AF1-45AB-BA83-26D69C06DE35}"
EndProject
Project("{9A19103F-16F7-4668-BE54-9A1E7A4F7556}") = "Soccer.Web", "Soccer.Web\Soccer.Web.csproj", "{E938D9C1-3A55-438C-B815-881FEACF00C2}"
EndProject
Project("{9A19103F-16F7-4668-BE54-9A1E7A4F7556}") = "Soccer.Prism", "Soccer.Prism\Soccer.Prism\Soccer.Prism.csproj", "{B840E2B0-6B6A-415A-A46E-BB42F60178AC}"
EndProject
Project("{FAE04EC0-301F-11D3-BF4B-00C04F79EFBC}") = "Soccer.Prism.Android", "Soccer.Prism\Soccer.Prism.Android\Soccer.Prism.Android.csproj", "{026FDA8D-2AAB-42AF-BD53-29C7347B9F4D}"
EndProject
Project("{FAE04EC0-301F-11D3-BF4B-00C04F79EFBC}") = "Soccer.Prism.iOS", "Soccer.Prism\Soccer.Prism.iOS\Soccer.Prism.iOS.csproj", "{47E898BC-0728-43D8-9D0A-C8499389088C}"
EndProject
Project("{FAE04EC0-301F-11D3-BF4B-00C04F79EFBC}") = "Soccer.Cross.Android", "Soccer.Cross.Android\Soccer.Cross.Android.csproj", "{03ABE249-DC07-4266-BCC0-CEFF1115AE4B}"
EndProject
Project("{FAE04EC0-301F-11D3-BF4B-00C04F79EFBC}") = "Soccer.Cross.iOS", "Soccer.Cross.iOS\Soccer.Cross.iOS.csproj", "{A3647279-664B-484E-B4E9-57BA1802EA38}"
EndProject
Global
	GlobalSection(SolutionConfigurationPlatforms) = preSolution
		Ad-Hoc|Any CPU = Ad-Hoc|Any CPU
		Ad-Hoc|iPhone = Ad-Hoc|iPhone
		Ad-Hoc|iPhoneSimulator = Ad-Hoc|iPhoneSimulator
		AppStore|Any CPU = AppStore|Any CPU
		AppStore|iPhone = AppStore|iPhone
		AppStore|iPhoneSimulator = AppStore|iPhoneSimulator
		Debug|Any CPU = Debug|Any CPU
		Debug|iPhone = Debug|iPhone
		Debug|iPhoneSimulator = Debug|iPhoneSimulator
		Release|Any CPU = Release|Any CPU
		Release|iPhone = Release|iPhone
		Release|iPhoneSimulator = Release|iPhoneSimulator
	EndGlobalSection
	GlobalSection(ProjectConfigurationPlatforms) = postSolution
		{EBA717F4-3AF1-45AB-BA83-26D69C06DE35}.Ad-Hoc|Any CPU.ActiveCfg = Release|Any CPU
		{EBA717F4-3AF1-45AB-BA83-26D69C06DE35}.Ad-Hoc|Any CPU.Build.0 = Release|Any CPU
		{EBA717F4-3AF1-45AB-BA83-26D69C06DE35}.Ad-Hoc|iPhone.ActiveCfg = Release|Any CPU
		{EBA717F4-3AF1-45AB-BA83-26D69C06DE35}.Ad-Hoc|iPhone.Build.0 = Release|Any CPU
		{EBA717F4-3AF1-45AB-BA83-26D69C06DE35}.Ad-Hoc|iPhoneSimulator.ActiveCfg = Release|Any CPU
		{EBA717F4-3AF1-45AB-BA83-26D69C06DE35}.Ad-Hoc|iPhoneSimulator.Build.0 = Release|Any CPU
		{EBA717F4-3AF1-45AB-BA83-26D69C06DE35}.AppStore|Any CPU.ActiveCfg = Release|Any CPU
		{EBA717F4-3AF1-45AB-BA83-26D69C06DE35}.AppStore|Any CPU.Build.0 = Release|Any CPU
		{EBA717F4-3AF1-45AB-BA83-26D69C06DE35}.AppStore|iPhone.ActiveCfg = Release|Any CPU
		{EBA717F4-3AF1-45AB-BA83-26D69C06DE35}.AppStore|iPhone.Build.0 = Release|Any CPU
		{EBA717F4-3AF1-45AB-BA83-26D69C06DE35}.AppStore|iPhoneSimulator.ActiveCfg = Release|Any CPU
		{EBA717F4-3AF1-45AB-BA83-26D69C06DE35}.AppStore|iPhoneSimulator.Build.0 = Release|Any CPU
		{EBA717F4-3AF1-45AB-BA83-26D69C06DE35}.Debug|Any CPU.ActiveCfg = Debug|Any CPU
		{EBA717F4-3AF1-45AB-BA83-26D69C06DE35}.Debug|Any CPU.Build.0 = Debug|Any CPU
		{EBA717F4-3AF1-45AB-BA83-26D69C06DE35}.Debug|iPhone.ActiveCfg = Debug|Any CPU
		{EBA717F4-3AF1-45AB-BA83-26D69C06DE35}.Debug|iPhone.Build.0 = Debug|Any CPU
		{EBA717F4-3AF1-45AB-BA83-26D69C06DE35}.Debug|iPhoneSimulator.ActiveCfg = Debug|Any CPU
		{EBA717F4-3AF1-45AB-BA83-26D69C06DE35}.Debug|iPhoneSimulator.Build.0 = Debug|Any CPU
		{EBA717F4-3AF1-45AB-BA83-26D69C06DE35}.Release|Any CPU.ActiveCfg = Release|Any CPU
		{EBA717F4-3AF1-45AB-BA83-26D69C06DE35}.Release|Any CPU.Build.0 = Release|Any CPU
		{EBA717F4-3AF1-45AB-BA83-26D69C06DE35}.Release|iPhone.ActiveCfg = Release|Any CPU
		{EBA717F4-3AF1-45AB-BA83-26D69C06DE35}.Release|iPhone.Build.0 = Release|Any CPU
		{EBA717F4-3AF1-45AB-BA83-26D69C06DE35}.Release|iPhoneSimulator.ActiveCfg = Release|Any CPU
		{EBA717F4-3AF1-45AB-BA83-26D69C06DE35}.Release|iPhoneSimulator.Build.0 = Release|Any CPU
		{E938D9C1-3A55-438C-B815-881FEACF00C2}.Ad-Hoc|Any CPU.ActiveCfg = Release|Any CPU
		{E938D9C1-3A55-438C-B815-881FEACF00C2}.Ad-Hoc|Any CPU.Build.0 = Release|Any CPU
		{E938D9C1-3A55-438C-B815-881FEACF00C2}.Ad-Hoc|iPhone.ActiveCfg = Release|Any CPU
		{E938D9C1-3A55-438C-B815-881FEACF00C2}.Ad-Hoc|iPhone.Build.0 = Release|Any CPU
		{E938D9C1-3A55-438C-B815-881FEACF00C2}.Ad-Hoc|iPhoneSimulator.ActiveCfg = Release|Any CPU
		{E938D9C1-3A55-438C-B815-881FEACF00C2}.Ad-Hoc|iPhoneSimulator.Build.0 = Release|Any CPU
		{E938D9C1-3A55-438C-B815-881FEACF00C2}.AppStore|Any CPU.ActiveCfg = Release|Any CPU
		{E938D9C1-3A55-438C-B815-881FEACF00C2}.AppStore|Any CPU.Build.0 = Release|Any CPU
		{E938D9C1-3A55-438C-B815-881FEACF00C2}.AppStore|iPhone.ActiveCfg = Release|Any CPU
		{E938D9C1-3A55-438C-B815-881FEACF00C2}.AppStore|iPhone.Build.0 = Release|Any CPU
		{E938D9C1-3A55-438C-B815-881FEACF00C2}.AppStore|iPhoneSimulator.ActiveCfg = Release|Any CPU
		{E938D9C1-3A55-438C-B815-881FEACF00C2}.AppStore|iPhoneSimulator.Build.0 = Release|Any CPU
		{E938D9C1-3A55-438C-B815-881FEACF00C2}.Debug|Any CPU.ActiveCfg = Debug|Any CPU
		{E938D9C1-3A55-438C-B815-881FEACF00C2}.Debug|Any CPU.Build.0 = Debug|Any CPU
		{E938D9C1-3A55-438C-B815-881FEACF00C2}.Debug|iPhone.ActiveCfg = Debug|Any CPU
		{E938D9C1-3A55-438C-B815-881FEACF00C2}.Debug|iPhone.Build.0 = Debug|Any CPU
		{E938D9C1-3A55-438C-B815-881FEACF00C2}.Debug|iPhoneSimulator.ActiveCfg = Debug|Any CPU
		{E938D9C1-3A55-438C-B815-881FEACF00C2}.Debug|iPhoneSimulator.Build.0 = Debug|Any CPU
		{E938D9C1-3A55-438C-B815-881FEACF00C2}.Release|Any CPU.ActiveCfg = Release|Any CPU
		{E938D9C1-3A55-438C-B815-881FEACF00C2}.Release|Any CPU.Build.0 = Release|Any CPU
		{E938D9C1-3A55-438C-B815-881FEACF00C2}.Release|iPhone.ActiveCfg = Release|Any CPU
		{E938D9C1-3A55-438C-B815-881FEACF00C2}.Release|iPhone.Build.0 = Release|Any CPU
		{E938D9C1-3A55-438C-B815-881FEACF00C2}.Release|iPhoneSimulator.ActiveCfg = Release|Any CPU
		{E938D9C1-3A55-438C-B815-881FEACF00C2}.Release|iPhoneSimulator.Build.0 = Release|Any CPU
		{B840E2B0-6B6A-415A-A46E-BB42F60178AC}.Ad-Hoc|Any CPU.ActiveCfg = Debug|Any CPU
		{B840E2B0-6B6A-415A-A46E-BB42F60178AC}.Ad-Hoc|Any CPU.Build.0 = Debug|Any CPU
		{B840E2B0-6B6A-415A-A46E-BB42F60178AC}.Ad-Hoc|iPhone.ActiveCfg = Debug|Any CPU
		{B840E2B0-6B6A-415A-A46E-BB42F60178AC}.Ad-Hoc|iPhone.Build.0 = Debug|Any CPU
		{B840E2B0-6B6A-415A-A46E-BB42F60178AC}.Ad-Hoc|iPhoneSimulator.ActiveCfg = Debug|Any CPU
		{B840E2B0-6B6A-415A-A46E-BB42F60178AC}.Ad-Hoc|iPhoneSimulator.Build.0 = Debug|Any CPU
		{B840E2B0-6B6A-415A-A46E-BB42F60178AC}.AppStore|Any CPU.ActiveCfg = Debug|Any CPU
		{B840E2B0-6B6A-415A-A46E-BB42F60178AC}.AppStore|Any CPU.Build.0 = Debug|Any CPU
		{B840E2B0-6B6A-415A-A46E-BB42F60178AC}.AppStore|iPhone.ActiveCfg = Debug|Any CPU
		{B840E2B0-6B6A-415A-A46E-BB42F60178AC}.AppStore|iPhone.Build.0 = Debug|Any CPU
		{B840E2B0-6B6A-415A-A46E-BB42F60178AC}.AppStore|iPhoneSimulator.ActiveCfg = Debug|Any CPU
		{B840E2B0-6B6A-415A-A46E-BB42F60178AC}.AppStore|iPhoneSimulator.Build.0 = Debug|Any CPU
		{B840E2B0-6B6A-415A-A46E-BB42F60178AC}.Debug|Any CPU.ActiveCfg = Debug|Any CPU
		{B840E2B0-6B6A-415A-A46E-BB42F60178AC}.Debug|Any CPU.Build.0 = Debug|Any CPU
		{B840E2B0-6B6A-415A-A46E-BB42F60178AC}.Debug|iPhone.ActiveCfg = Debug|Any CPU
		{B840E2B0-6B6A-415A-A46E-BB42F60178AC}.Debug|iPhone.Build.0 = Debug|Any CPU
		{B840E2B0-6B6A-415A-A46E-BB42F60178AC}.Debug|iPhoneSimulator.ActiveCfg = Debug|Any CPU
		{B840E2B0-6B6A-415A-A46E-BB42F60178AC}.Debug|iPhoneSimulator.Build.0 = Debug|Any CPU
		{B840E2B0-6B6A-415A-A46E-BB42F60178AC}.Release|Any CPU.ActiveCfg = Release|Any CPU
		{B840E2B0-6B6A-415A-A46E-BB42F60178AC}.Release|Any CPU.Build.0 = Release|Any CPU
		{B840E2B0-6B6A-415A-A46E-BB42F60178AC}.Release|iPhone.ActiveCfg = Release|Any CPU
		{B840E2B0-6B6A-415A-A46E-BB42F60178AC}.Release|iPhone.Build.0 = Release|Any CPU
		{B840E2B0-6B6A-415A-A46E-BB42F60178AC}.Release|iPhoneSimulator.ActiveCfg = Release|Any CPU
		{B840E2B0-6B6A-415A-A46E-BB42F60178AC}.Release|iPhoneSimulator.Build.0 = Release|Any CPU
		{026FDA8D-2AAB-42AF-BD53-29C7347B9F4D}.Ad-Hoc|Any CPU.ActiveCfg = Release|Any CPU
		{026FDA8D-2AAB-42AF-BD53-29C7347B9F4D}.Ad-Hoc|Any CPU.Build.0 = Release|Any CPU
		{026FDA8D-2AAB-42AF-BD53-29C7347B9F4D}.Ad-Hoc|Any CPU.Deploy.0 = Release|Any CPU
		{026FDA8D-2AAB-42AF-BD53-29C7347B9F4D}.Ad-Hoc|iPhone.ActiveCfg = Release|Any CPU
		{026FDA8D-2AAB-42AF-BD53-29C7347B9F4D}.Ad-Hoc|iPhone.Build.0 = Release|Any CPU
		{026FDA8D-2AAB-42AF-BD53-29C7347B9F4D}.Ad-Hoc|iPhone.Deploy.0 = Release|Any CPU
		{026FDA8D-2AAB-42AF-BD53-29C7347B9F4D}.Ad-Hoc|iPhoneSimulator.ActiveCfg = Release|Any CPU
		{026FDA8D-2AAB-42AF-BD53-29C7347B9F4D}.Ad-Hoc|iPhoneSimulator.Build.0 = Release|Any CPU
		{026FDA8D-2AAB-42AF-BD53-29C7347B9F4D}.Ad-Hoc|iPhoneSimulator.Deploy.0 = Release|Any CPU
		{026FDA8D-2AAB-42AF-BD53-29C7347B9F4D}.AppStore|Any CPU.ActiveCfg = Release|Any CPU
		{026FDA8D-2AAB-42AF-BD53-29C7347B9F4D}.AppStore|Any CPU.Build.0 = Release|Any CPU
		{026FDA8D-2AAB-42AF-BD53-29C7347B9F4D}.AppStore|Any CPU.Deploy.0 = Release|Any CPU
		{026FDA8D-2AAB-42AF-BD53-29C7347B9F4D}.AppStore|iPhone.ActiveCfg = Release|Any CPU
		{026FDA8D-2AAB-42AF-BD53-29C7347B9F4D}.AppStore|iPhone.Build.0 = Release|Any CPU
		{026FDA8D-2AAB-42AF-BD53-29C7347B9F4D}.AppStore|iPhone.Deploy.0 = Release|Any CPU
		{026FDA8D-2AAB-42AF-BD53-29C7347B9F4D}.AppStore|iPhoneSimulator.ActiveCfg = Release|Any CPU
		{026FDA8D-2AAB-42AF-BD53-29C7347B9F4D}.AppStore|iPhoneSimulator.Build.0 = Release|Any CPU
		{026FDA8D-2AAB-42AF-BD53-29C7347B9F4D}.AppStore|iPhoneSimulator.Deploy.0 = Release|Any CPU
		{026FDA8D-2AAB-42AF-BD53-29C7347B9F4D}.Debug|Any CPU.ActiveCfg = Debug|Any CPU
		{026FDA8D-2AAB-42AF-BD53-29C7347B9F4D}.Debug|Any CPU.Build.0 = Debug|Any CPU
		{026FDA8D-2AAB-42AF-BD53-29C7347B9F4D}.Debug|Any CPU.Deploy.0 = Debug|Any CPU
		{026FDA8D-2AAB-42AF-BD53-29C7347B9F4D}.Debug|iPhone.ActiveCfg = Debug|Any CPU
		{026FDA8D-2AAB-42AF-BD53-29C7347B9F4D}.Debug|iPhone.Build.0 = Debug|Any CPU
		{026FDA8D-2AAB-42AF-BD53-29C7347B9F4D}.Debug|iPhone.Deploy.0 = Debug|Any CPU
		{026FDA8D-2AAB-42AF-BD53-29C7347B9F4D}.Debug|iPhoneSimulator.ActiveCfg = Debug|Any CPU
		{026FDA8D-2AAB-42AF-BD53-29C7347B9F4D}.Debug|iPhoneSimulator.Build.0 = Debug|Any CPU
		{026FDA8D-2AAB-42AF-BD53-29C7347B9F4D}.Debug|iPhoneSimulator.Deploy.0 = Debug|Any CPU
		{026FDA8D-2AAB-42AF-BD53-29C7347B9F4D}.Release|Any CPU.ActiveCfg = Release|Any CPU
		{026FDA8D-2AAB-42AF-BD53-29C7347B9F4D}.Release|Any CPU.Build.0 = Release|Any CPU
		{026FDA8D-2AAB-42AF-BD53-29C7347B9F4D}.Release|Any CPU.Deploy.0 = Release|Any CPU
		{026FDA8D-2AAB-42AF-BD53-29C7347B9F4D}.Release|iPhone.ActiveCfg = Release|Any CPU
		{026FDA8D-2AAB-42AF-BD53-29C7347B9F4D}.Release|iPhone.Build.0 = Release|Any CPU
		{026FDA8D-2AAB-42AF-BD53-29C7347B9F4D}.Release|iPhone.Deploy.0 = Release|Any CPU
		{026FDA8D-2AAB-42AF-BD53-29C7347B9F4D}.Release|iPhoneSimulator.ActiveCfg = Release|Any CPU
		{026FDA8D-2AAB-42AF-BD53-29C7347B9F4D}.Release|iPhoneSimulator.Build.0 = Release|Any CPU
		{026FDA8D-2AAB-42AF-BD53-29C7347B9F4D}.Release|iPhoneSimulator.Deploy.0 = Release|Any CPU
		{47E898BC-0728-43D8-9D0A-C8499389088C}.Ad-Hoc|Any CPU.ActiveCfg = Ad-Hoc|iPhone
		{47E898BC-0728-43D8-9D0A-C8499389088C}.Ad-Hoc|iPhone.ActiveCfg = Ad-Hoc|iPhone
		{47E898BC-0728-43D8-9D0A-C8499389088C}.Ad-Hoc|iPhone.Build.0 = Ad-Hoc|iPhone
		{47E898BC-0728-43D8-9D0A-C8499389088C}.Ad-Hoc|iPhoneSimulator.ActiveCfg = Ad-Hoc|iPhoneSimulator
		{47E898BC-0728-43D8-9D0A-C8499389088C}.Ad-Hoc|iPhoneSimulator.Build.0 = Ad-Hoc|iPhoneSimulator
		{47E898BC-0728-43D8-9D0A-C8499389088C}.AppStore|Any CPU.ActiveCfg = AppStore|iPhone
		{47E898BC-0728-43D8-9D0A-C8499389088C}.AppStore|iPhone.ActiveCfg = AppStore|iPhone
		{47E898BC-0728-43D8-9D0A-C8499389088C}.AppStore|iPhone.Build.0 = AppStore|iPhone
		{47E898BC-0728-43D8-9D0A-C8499389088C}.AppStore|iPhoneSimulator.ActiveCfg = AppStore|iPhoneSimulator
		{47E898BC-0728-43D8-9D0A-C8499389088C}.AppStore|iPhoneSimulator.Build.0 = AppStore|iPhoneSimulator
		{47E898BC-0728-43D8-9D0A-C8499389088C}.Debug|Any CPU.ActiveCfg = Debug|iPhone
		{47E898BC-0728-43D8-9D0A-C8499389088C}.Debug|iPhone.ActiveCfg = Debug|iPhone
		{47E898BC-0728-43D8-9D0A-C8499389088C}.Debug|iPhone.Build.0 = Debug|iPhone
		{47E898BC-0728-43D8-9D0A-C8499389088C}.Debug|iPhoneSimulator.ActiveCfg = Debug|iPhoneSimulator
		{47E898BC-0728-43D8-9D0A-C8499389088C}.Debug|iPhoneSimulator.Build.0 = Debug|iPhoneSimulator
		{47E898BC-0728-43D8-9D0A-C8499389088C}.Release|Any CPU.ActiveCfg = Release|iPhone
		{47E898BC-0728-43D8-9D0A-C8499389088C}.Release|iPhone.ActiveCfg = Release|iPhone
		{47E898BC-0728-43D8-9D0A-C8499389088C}.Release|iPhone.Build.0 = Release|iPhone
		{47E898BC-0728-43D8-9D0A-C8499389088C}.Release|iPhoneSimulator.ActiveCfg = Release|iPhoneSimulator
		{47E898BC-0728-43D8-9D0A-C8499389088C}.Release|iPhoneSimulator.Build.0 = Release|iPhoneSimulator
		{03ABE249-DC07-4266-BCC0-CEFF1115AE4B}.Ad-Hoc|Any CPU.ActiveCfg = Release|Any CPU
		{03ABE249-DC07-4266-BCC0-CEFF1115AE4B}.Ad-Hoc|Any CPU.Build.0 = Release|Any CPU
		{03ABE249-DC07-4266-BCC0-CEFF1115AE4B}.Ad-Hoc|Any CPU.Deploy.0 = Release|Any CPU
		{03ABE249-DC07-4266-BCC0-CEFF1115AE4B}.Ad-Hoc|iPhone.ActiveCfg = Release|Any CPU
		{03ABE249-DC07-4266-BCC0-CEFF1115AE4B}.Ad-Hoc|iPhone.Build.0 = Release|Any CPU
		{03ABE249-DC07-4266-BCC0-CEFF1115AE4B}.Ad-Hoc|iPhone.Deploy.0 = Release|Any CPU
		{03ABE249-DC07-4266-BCC0-CEFF1115AE4B}.Ad-Hoc|iPhoneSimulator.ActiveCfg = Release|Any CPU
		{03ABE249-DC07-4266-BCC0-CEFF1115AE4B}.Ad-Hoc|iPhoneSimulator.Build.0 = Release|Any CPU
		{03ABE249-DC07-4266-BCC0-CEFF1115AE4B}.Ad-Hoc|iPhoneSimulator.Deploy.0 = Release|Any CPU
		{03ABE249-DC07-4266-BCC0-CEFF1115AE4B}.AppStore|Any CPU.ActiveCfg = Release|Any CPU
		{03ABE249-DC07-4266-BCC0-CEFF1115AE4B}.AppStore|Any CPU.Build.0 = Release|Any CPU
		{03ABE249-DC07-4266-BCC0-CEFF1115AE4B}.AppStore|Any CPU.Deploy.0 = Release|Any CPU
		{03ABE249-DC07-4266-BCC0-CEFF1115AE4B}.AppStore|iPhone.ActiveCfg = Release|Any CPU
		{03ABE249-DC07-4266-BCC0-CEFF1115AE4B}.AppStore|iPhone.Build.0 = Release|Any CPU
		{03ABE249-DC07-4266-BCC0-CEFF1115AE4B}.AppStore|iPhone.Deploy.0 = Release|Any CPU
		{03ABE249-DC07-4266-BCC0-CEFF1115AE4B}.AppStore|iPhoneSimulator.ActiveCfg = Release|Any CPU
		{03ABE249-DC07-4266-BCC0-CEFF1115AE4B}.AppStore|iPhoneSimulator.Build.0 = Release|Any CPU
		{03ABE249-DC07-4266-BCC0-CEFF1115AE4B}.AppStore|iPhoneSimulator.Deploy.0 = Release|Any CPU
		{03ABE249-DC07-4266-BCC0-CEFF1115AE4B}.Debug|Any CPU.ActiveCfg = Debug|Any CPU
		{03ABE249-DC07-4266-BCC0-CEFF1115AE4B}.Debug|Any CPU.Build.0 = Debug|Any CPU
		{03ABE249-DC07-4266-BCC0-CEFF1115AE4B}.Debug|Any CPU.Deploy.0 = Debug|Any CPU
		{03ABE249-DC07-4266-BCC0-CEFF1115AE4B}.Debug|iPhone.ActiveCfg = Debug|Any CPU
		{03ABE249-DC07-4266-BCC0-CEFF1115AE4B}.Debug|iPhone.Build.0 = Debug|Any CPU
		{03ABE249-DC07-4266-BCC0-CEFF1115AE4B}.Debug|iPhone.Deploy.0 = Debug|Any CPU
		{03ABE249-DC07-4266-BCC0-CEFF1115AE4B}.Debug|iPhoneSimulator.ActiveCfg = Debug|Any CPU
		{03ABE249-DC07-4266-BCC0-CEFF1115AE4B}.Debug|iPhoneSimulator.Build.0 = Debug|Any CPU
		{03ABE249-DC07-4266-BCC0-CEFF1115AE4B}.Debug|iPhoneSimulator.Deploy.0 = Debug|Any CPU
		{03ABE249-DC07-4266-BCC0-CEFF1115AE4B}.Release|Any CPU.ActiveCfg = Release|Any CPU
		{03ABE249-DC07-4266-BCC0-CEFF1115AE4B}.Release|Any CPU.Build.0 = Release|Any CPU
		{03ABE249-DC07-4266-BCC0-CEFF1115AE4B}.Release|Any CPU.Deploy.0 = Release|Any CPU
		{03ABE249-DC07-4266-BCC0-CEFF1115AE4B}.Release|iPhone.ActiveCfg = Release|Any CPU
		{03ABE249-DC07-4266-BCC0-CEFF1115AE4B}.Release|iPhone.Build.0 = Release|Any CPU
		{03ABE249-DC07-4266-BCC0-CEFF1115AE4B}.Release|iPhone.Deploy.0 = Release|Any CPU
		{03ABE249-DC07-4266-BCC0-CEFF1115AE4B}.Release|iPhoneSimulator.ActiveCfg = Release|Any CPU
		{03ABE249-DC07-4266-BCC0-CEFF1115AE4B}.Release|iPhoneSimulator.Build.0 = Release|Any CPU
		{03ABE249-DC07-4266-BCC0-CEFF1115AE4B}.Release|iPhoneSimulator.Deploy.0 = Release|Any CPU
		{A3647279-664B-484E-B4E9-57BA1802EA38}.Ad-Hoc|Any CPU.ActiveCfg = Release|iPhone
		{A3647279-664B-484E-B4E9-57BA1802EA38}.Ad-Hoc|Any CPU.Build.0 = Release|iPhone
		{A3647279-664B-484E-B4E9-57BA1802EA38}.Ad-Hoc|iPhone.ActiveCfg = Release|iPhone
		{A3647279-664B-484E-B4E9-57BA1802EA38}.Ad-Hoc|iPhone.Build.0 = Release|iPhone
		{A3647279-664B-484E-B4E9-57BA1802EA38}.Ad-Hoc|iPhoneSimulator.ActiveCfg = Release|iPhoneSimulator
		{A3647279-664B-484E-B4E9-57BA1802EA38}.Ad-Hoc|iPhoneSimulator.Build.0 = Release|iPhoneSimulator
		{A3647279-664B-484E-B4E9-57BA1802EA38}.AppStore|Any CPU.ActiveCfg = Release|iPhone
		{A3647279-664B-484E-B4E9-57BA1802EA38}.AppStore|Any CPU.Build.0 = Release|iPhone
		{A3647279-664B-484E-B4E9-57BA1802EA38}.AppStore|iPhone.ActiveCfg = Release|iPhone
		{A3647279-664B-484E-B4E9-57BA1802EA38}.AppStore|iPhone.Build.0 = Release|iPhone
		{A3647279-664B-484E-B4E9-57BA1802EA38}.AppStore|iPhoneSimulator.ActiveCfg = Release|iPhoneSimulator
		{A3647279-664B-484E-B4E9-57BA1802EA38}.AppStore|iPhoneSimulator.Build.0 = Release|iPhoneSimulator
		{A3647279-664B-484E-B4E9-57BA1802EA38}.Debug|Any CPU.ActiveCfg = Debug|iPhone
		{A3647279-664B-484E-B4E9-57BA1802EA38}.Debug|iPhone.ActiveCfg = Debug|iPhone
		{A3647279-664B-484E-B4E9-57BA1802EA38}.Debug|iPhone.Build.0 = Debug|iPhone
		{A3647279-664B-484E-B4E9-57BA1802EA38}.Debug|iPhoneSimulator.ActiveCfg = Debug|iPhoneSimulator
		{A3647279-664B-484E-B4E9-57BA1802EA38}.Debug|iPhoneSimulator.Build.0 = Debug|iPhoneSimulator
		{A3647279-664B-484E-B4E9-57BA1802EA38}.Release|Any CPU.ActiveCfg = Release|iPhone
		{A3647279-664B-484E-B4E9-57BA1802EA38}.Release|iPhone.ActiveCfg = Release|iPhone
		{A3647279-664B-484E-B4E9-57BA1802EA38}.Release|iPhone.Build.0 = Release|iPhone
		{A3647279-664B-484E-B4E9-57BA1802EA38}.Release|iPhoneSimulator.ActiveCfg = Release|iPhoneSimulator
		{A3647279-664B-484E-B4E9-57BA1802EA38}.Release|iPhoneSimulator.Build.0 = Release|iPhoneSimulator
	EndGlobalSection
	GlobalSection(SolutionProperties) = preSolution
		HideSolutionNode = FALSE
	EndGlobalSection
	GlobalSection(ExtensibilityGlobals) = postSolution
		SolutionGuid = {7ABC302A-028B-4942-B276-C262EFF8F9AD}
	EndGlobalSection
EndGlobal
